{
  "name": "example",
  "version": "1.0.0",
  "lockfileVersion": 1,
  "requires": true,
  "dependencies": {
    "@greyireland/npm-helloworld": {
      "version": "1.0.0",
      "resolved": "https://registry.npmjs.org/@greyireland/npm-helloworld/-/npm-helloworld-1.0.0.tgz",
      "integrity": "sha512-k0laJcGAMRkiC32OiTLdges+MRwLxDNKOL8QU6ERWTYb+dnq26ybU+RuJOtfRNbpJAIUkAU/OKfw8Fp+THi2/A==",
      "dev": true
    }
  }
}
